// !$*UTF8*$!
{
	archiveVersion = 1;
	classes = {
	};
	objectVersion = 46;
	objects = {

/* Begin PBXBuildFile section */
		323578CB1C72BE1300400B2F /* main.m in Sources */ = {isa = PBXBuildFile; fileRef = 323578CA1C72BE1300400B2F /* main.m */; };
		323578CE1C72BE1300400B2F /* AppDelegate.m in Sources */ = {isa = PBXBuildFile; fileRef = 323578CD1C72BE1300400B2F /* AppDelegate.m */; };
		323578D11C72BE1300400B2F /* GameScene.m in Sources */ = {isa = PBXBuildFile; fileRef = 323578D01C72BE1300400B2F /* GameScene.m */; };
		323578D61C72BE1400400B2F /* ViewController.m in Sources */ = {isa = PBXBuildFile; fileRef = 323578D51C72BE1400400B2F /* ViewController.m */; };
		323578EA1C72BEE500400B2F /* MainMenuScene.m in Sources */ = {isa = PBXBuildFile; fileRef = 323578E61C72BEE500400B2F /* MainMenuScene.m */; };
		323578EB1C72BEE500400B2F /* POL.plist in Resources */ = {isa = PBXBuildFile; fileRef = 323578E71C72BEE500400B2F /* POL.plist */; };
		323578EC1C72BEE500400B2F /* TutorialScene.m in Sources */ = {isa = PBXBuildFile; fileRef = 323578E91C72BEE500400B2F /* TutorialScene.m */; };
		323578EE1C72BF9100400B2F /* 00 Starmap Truetype.ttf in Resources */ = {isa = PBXBuildFile; fileRef = 323578ED1C72BF9100400B2F /* 00 Starmap Truetype.ttf */; };
		323579021C72BFAD00400B2F /* agUp@2x.png in Resources */ = {isa = PBXBuildFile; fileRef = 323578EF1C72BFAD00400B2F /* agUp@2x.png */; };
		323579031C72BFAD00400B2F /* agUp@3x.png in Resources */ = {isa = PBXBuildFile; fileRef = 323578F01C72BFAD00400B2F /* agUp@3x.png */; };
		323579041C72BFAD00400B2F /* boostPowerup.png in Resources */ = {isa = PBXBuildFile; fileRef = 323578F11C72BFAD00400B2F /* boostPowerup.png */; };
		323579051C72BFAD00400B2F /* Currency.png in Resources */ = {isa = PBXBuildFile; fileRef = 323578F21C72BFAD00400B2F /* Currency.png */; };
		323579061C72BFAD00400B2F /* i6bg.png in Resources */ = {isa = PBXBuildFile; fileRef = 323578F31C72BFAD00400B2F /* i6bg.png */; };
		323579071C72BFAD00400B2F /* Images.xcassets in Resources */ = {isa = PBXBuildFile; fileRef = 323578F41C72BFAD00400B2F /* Images.xcassets */; };
		323579081C72BFAD00400B2F /* invincibilityPowerup.png in Resources */ = {isa = PBXBuildFile; fileRef = 323578F51C72BFAD00400B2F /* invincibilityPowerup.png */; };
		323579091C72BFAD00400B2F /* iPhoneObstacles.atlas in Resources */ = {isa = PBXBuildFile; fileRef = 323578F61C72BFAD00400B2F /* iPhoneObstacles.atlas */; };
		3235790A1C72BFAD00400B2F /* length.png in Resources */ = {isa = PBXBuildFile; fileRef = 323578F71C72BFAD00400B2F /* length.png */; };
		3235790B1C72BFAD00400B2F /* lock-10.png in Resources */ = {isa = PBXBuildFile; fileRef = 323578F81C72BFAD00400B2F /* lock-10.png */; };
		3235790C1C72BFAD00400B2F /* Movement.png in Resources */ = {isa = PBXBuildFile; fileRef = 323578F91C72BFAD00400B2F /* Movement.png */; };
		3235790D1C72BFAD00400B2F /* pauseButton.png in Resources */ = {isa = PBXBuildFile; fileRef = 323578FA1C72BFAD00400B2F /* pauseButton.png */; };
		3235790E1C72BFAD00400B2F /* photo1.png in Resources */ = {isa = PBXBuildFile; fileRef = 323578FB1C72BFAD00400B2F /* photo1.png */; };
		3235790F1C72BFAD00400B2F /* photo2.png in Resources */ = {isa = PBXBuildFile; fileRef = 323578FC1C72BFAD00400B2F /* photo2.png */; };
		323579101C72BFAD00400B2F /* photo3.png in Resources */ = {isa = PBXBuildFile; fileRef = 323578FD1C72BFAD00400B2F /* photo3.png */; };
		323579111C72BFAD00400B2F /* PlayButton.png in Resources */ = {isa = PBXBuildFile; fileRef = 323578FE1C72BFAD00400B2F /* PlayButton.png */; };
		323579121C72BFAD00400B2F /* PowerUps.png in Resources */ = {isa = PBXBuildFile; fileRef = 323578FF1C72BFAD00400B2F /* PowerUps.png */; };
		323579131C72BFAD00400B2F /* smokeParticle.sks in Resources */ = {isa = PBXBuildFile; fileRef = 323579001C72BFAD00400B2F /* smokeParticle.sks */; };
		323579141C72BFAD00400B2F /* spark.png in Resources */ = {isa = PBXBuildFile; fileRef = 323579011C72BFAD00400B2F /* spark.png */; };
		323579171C72BFDD00400B2F /* POL-clouds-castle-short.wav in Resources */ = {isa = PBXBuildFile; fileRef = 323579151C72BFDD00400B2F /* POL-clouds-castle-short.wav */; };
		323579181C72BFDD00400B2F /* ring.wav in Resources */ = {isa = PBXBuildFile; fileRef = 323579161C72BFDD00400B2F /* ring.wav */; };
		3235791C1C72C0F500400B2F /* Main.storyboard in Resources */ = {isa = PBXBuildFile; fileRef = 3235791B1C72C0F500400B2F /* Main.storyboard */; };
/* End PBXBuildFile section */

/* Begin PBXFileReference section */
		323578C61C72BE1300400B2F /* Average-Guy.app */ = {isa = PBXFileReference; explicitFileType = wrapper.application; includeInIndex = 0; path = "Average-Guy.app"; sourceTree = BUILT_PRODUCTS_DIR; };
		323578CA1C72BE1300400B2F /* main.m */ = {isa = PBXFileReference; lastKnownFileType = sourcecode.c.objc; path = main.m; sourceTree = "<group>"; };
		323578CC1C72BE1300400B2F /* AppDelegate.h */ = {isa = PBXFileReference; lastKnownFileType = sourcecode.c.h; path = AppDelegate.h; sourceTree = "<group>"; };
		323578CD1C72BE1300400B2F /* AppDelegate.m */ = {isa = PBXFileReference; lastKnownFileType = sourcecode.c.objc; path = AppDelegate.m; sourceTree = "<group>"; };
		323578CF1C72BE1300400B2F /* GameScene.h */ = {isa = PBXFileReference; lastKnownFileType = sourcecode.c.h; path = GameScene.h; sourceTree = "<group>"; };
		323578D01C72BE1300400B2F /* GameScene.m */ = {isa = PBXFileReference; lastKnownFileType = sourcecode.c.objc; path = GameScene.m; sourceTree = "<group>"; };
		323578D41C72BE1300400B2F /* ViewController.h */ = {isa = PBXFileReference; lastKnownFileType = sourcecode.c.h; path = ViewController.h; sourceTree = "<group>"; };
		323578D51C72BE1400400B2F /* ViewController.m */ = {isa = PBXFileReference; lastKnownFileType = sourcecode.c.objc; path = ViewController.m; sourceTree = "<group>"; };
		323578DF1C72BE1400400B2F /* Info.plist */ = {isa = PBXFileReference; lastKnownFileType = text.plist.xml; path = Info.plist; sourceTree = "<group>"; };
		323578E51C72BEE500400B2F /* MainMenuScene.h */ = {isa = PBXFileReference; fileEncoding = 4; lastKnownFileType = sourcecode.c.h; path = MainMenuScene.h; sourceTree = "<group>"; };
		323578E61C72BEE500400B2F /* MainMenuScene.m */ = {isa = PBXFileReference; fileEncoding = 4; lastKnownFileType = sourcecode.c.objc; path = MainMenuScene.m; sourceTree = "<group>"; };
		323578E71C72BEE500400B2F /* POL.plist */ = {isa = PBXFileReference; fileEncoding = 4; lastKnownFileType = text.plist.xml; path = POL.plist; sourceTree = "<group>"; };
		323578E81C72BEE500400B2F /* TutorialScene.h */ = {isa = PBXFileReference; fileEncoding = 4; lastKnownFileType = sourcecode.c.h; path = TutorialScene.h; sourceTree = "<group>"; };
		323578E91C72BEE500400B2F /* TutorialScene.m */ = {isa = PBXFileReference; fileEncoding = 4; lastKnownFileType = sourcecode.c.objc; path = TutorialScene.m; sourceTree = "<group>"; };
		323578ED1C72BF9100400B2F /* 00 Starmap Truetype.ttf */ = {isa = PBXFileReference; lastKnownFileType = file; path = "00 Starmap Truetype.ttf"; sourceTree = "<group>"; };
		323578EF1C72BFAD00400B2F /* agUp@2x.png */ = {isa = PBXFileReference; lastKnownFileType = image.png; path = "agUp@2x.png"; sourceTree = "<group>"; };
		323578F01C72BFAD00400B2F /* agUp@3x.png */ = {isa = PBXFileReference; lastKnownFileType = image.png; path = "agUp@3x.png"; sourceTree = "<group>"; };
		323578F11C72BFAD00400B2F /* boostPowerup.png */ = {isa = PBXFileReference; lastKnownFileType = image.png; path = boostPowerup.png; sourceTree = "<group>"; };
		323578F21C72BFAD00400B2F /* Currency.png */ = {isa = PBXFileReference; lastKnownFileType = image.png; path = Currency.png; sourceTree = "<group>"; };
		323578F31C72BFAD00400B2F /* i6bg.png */ = {isa = PBXFileReference; lastKnownFileType = image.png; path = i6bg.png; sourceTree = "<group>"; };
		323578F41C72BFAD00400B2F /* Images.xcassets */ = {isa = PBXFileReference; lastKnownFileType = folder.assetcatalog; path = Images.xcassets; sourceTree = "<group>"; };
		323578F51C72BFAD00400B2F /* invincibilityPowerup.png */ = {isa = PBXFileReference; lastKnownFileType = image.png; path = invincibilityPowerup.png; sourceTree = "<group>"; };
		323578F61C72BFAD00400B2F /* iPhoneObstacles.atlas */ = {isa = PBXFileReference; lastKnownFileType = folder.skatlas; path = iPhoneObstacles.atlas; sourceTree = "<group>"; };
		323578F71C72BFAD00400B2F /* length.png */ = {isa = PBXFileReference; lastKnownFileType = image.png; path = length.png; sourceTree = "<group>"; };
		323578F81C72BFAD00400B2F /* lock-10.png */ = {isa = PBXFileReference; lastKnownFileType = image.png; path = "lock-10.png"; sourceTree = "<group>"; };
		323578F91C72BFAD00400B2F /* Movement.png */ = {isa = PBXFileReference; lastKnownFileType = image.png; path = Movement.png; sourceTree = "<group>"; };
		323578FA1C72BFAD00400B2F /* pauseButton.png */ = {isa = PBXFileReference; lastKnownFileType = image.png; path = pauseButton.png; sourceTree = "<group>"; };
		323578FB1C72BFAD00400B2F /* photo1.png */ = {isa = PBXFileReference; lastKnownFileType = image.png; path = photo1.png; sourceTree = "<group>"; };
		323578FC1C72BFAD00400B2F /* photo2.png */ = {isa = PBXFileReference; lastKnownFileType = image.png; path = photo2.png; sourceTree = "<group>"; };
		323578FD1C72BFAD00400B2F /* photo3.png */ = {isa = PBXFileReference; lastKnownFileType = image.png; path = photo3.png; sourceTree = "<group>"; };
		323578FE1C72BFAD00400B2F /* PlayButton.png */ = {isa = PBXFileReference; lastKnownFileType = image.png; path = PlayButton.png; sourceTree = "<group>"; };
		323578FF1C72BFAD00400B2F /* PowerUps.png */ = {isa = PBXFileReference; lastKnownFileType = image.png; path = PowerUps.png; sourceTree = "<group>"; };
		323579001C72BFAD00400B2F /* smokeParticle.sks */ = {isa = PBXFileReference; lastKnownFileType = file.sks; path = smokeParticle.sks; sourceTree = "<group>"; };
		323579011C72BFAD00400B2F /* spark.png */ = {isa = PBXFileReference; lastKnownFileType = image.png; path = spark.png; sourceTree = "<group>"; };
		323579151C72BFDD00400B2F /* POL-clouds-castle-short.wav */ = {isa = PBXFileReference; lastKnownFileType = audio.wav; path = "POL-clouds-castle-short.wav"; sourceTree = "<group>"; };
		323579161C72BFDD00400B2F /* ring.wav */ = {isa = PBXFileReference; lastKnownFileType = audio.wav; path = ring.wav; sourceTree = "<group>"; };
		3235791B1C72C0F500400B2F /* Main.storyboard */ = {isa = PBXFileReference; fileEncoding = 4; lastKnownFileType = file.storyboard; path = Main.storyboard; sourceTree = "<group>"; };
/* End PBXFileReference section */

/* Begin PBXFrameworksBuildPhase section */
		323578C31C72BE1300400B2F /* Frameworks */ = {
			isa = PBXFrameworksBuildPhase;
			buildActionMask = 2147483647;
			files = (
			);
			runOnlyForDeploymentPostprocessing = 0;
		};
/* End PBXFrameworksBuildPhase section */

/* Begin PBXGroup section */
		323578BD1C72BE1300400B2F = {
			isa = PBXGroup;
			children = (
				323578C81C72BE1300400B2F /* Average-Guy */,
				323578C71C72BE1300400B2F /* Products */,
			);
			sourceTree = "<group>";
		};
		323578C71C72BE1300400B2F /* Products */ = {
			isa = PBXGroup;
			children = (
				323578C61C72BE1300400B2F /* Average-Guy.app */,
			);
			name = Products;
			sourceTree = "<group>";
		};
		323578C81C72BE1300400B2F /* Average-Guy */ = {
			isa = PBXGroup;
			children = (
				323578CC1C72BE1300400B2F /* AppDelegate.h */,
				323578CD1C72BE1300400B2F /* AppDelegate.m */,
				323578CF1C72BE1300400B2F /* GameScene.h */,
				323578D01C72BE1300400B2F /* GameScene.m */,
				323578D41C72BE1300400B2F /* ViewController.h */,
				323578D51C72BE1400400B2F /* ViewController.m */,
				323578E51C72BEE500400B2F /* MainMenuScene.h */,
				323578E61C72BEE500400B2F /* MainMenuScene.m */,
				323578E71C72BEE500400B2F /* POL.plist */,
				323578E81C72BEE500400B2F /* TutorialScene.h */,
				323578E91C72BEE500400B2F /* TutorialScene.m */,
				323578F41C72BFAD00400B2F /* Images.xcassets */,
				323578DF1C72BE1400400B2F /* Info.plist */,
				3235791B1C72C0F500400B2F /* Main.storyboard */,
				323578C91C72BE1300400B2F /* Supporting Files */,
			);
			path = "Average-Guy";
			sourceTree = "<group>";
		};
		323578C91C72BE1300400B2F /* Supporting Files */ = {
			isa = PBXGroup;
			children = (
				323578F61C72BFAD00400B2F /* iPhoneObstacles.atlas */,
				323579151C72BFDD00400B2F /* POL-clouds-castle-short.wav */,
				323579161C72BFDD00400B2F /* ring.wav */,
				323578ED1C72BF9100400B2F /* 00 Starmap Truetype.ttf */,
				323578EF1C72BFAD00400B2F /* agUp@2x.png */,
				323578F01C72BFAD00400B2F /* agUp@3x.png */,
				323578F11C72BFAD00400B2F /* boostPowerup.png */,
				323578F21C72BFAD00400B2F /* Currency.png */,
				323578F31C72BFAD00400B2F /* i6bg.png */,
				323578F51C72BFAD00400B2F /* invincibilityPowerup.png */,
				323578F71C72BFAD00400B2F /* length.png */,
				323578F81C72BFAD00400B2F /* lock-10.png */,
				323578F91C72BFAD00400B2F /* Movement.png */,
				323578FA1C72BFAD00400B2F /* pauseButton.png */,
				323578FB1C72BFAD00400B2F /* photo1.png */,
				323578FC1C72BFAD00400B2F /* photo2.png */,
				323578FD1C72BFAD00400B2F /* photo3.png */,
				323578FE1C72BFAD00400B2F /* PlayButton.png */,
				323578FF1C72BFAD00400B2F /* PowerUps.png */,
				323579001C72BFAD00400B2F /* smokeParticle.sks */,
				323579011C72BFAD00400B2F /* spark.png */,
				323578CA1C72BE1300400B2F /* main.m */,
			);
			name = "Supporting Files";
			sourceTree = "<group>";
		};
/* End PBXGroup section */

/* Begin PBXNativeTarget section */
		323578C51C72BE1300400B2F /* Average-Guy */ = {
			isa = PBXNativeTarget;
			buildConfigurationList = 323578E21C72BE1400400B2F /* Build configuration list for PBXNativeTarget "Average-Guy" */;
			buildPhases = (
				323578C21C72BE1300400B2F /* Sources */,
				323578C31C72BE1300400B2F /* Frameworks */,
				323578C41C72BE1300400B2F /* Resources */,
			);
			buildRules = (
			);
			dependencies = (
			);
			name = "Average-Guy";
			productName = "Average-Guy";
			productReference = 323578C61C72BE1300400B2F /* Average-Guy.app */;
			productType = "com.apple.product-type.application";
		};
/* End PBXNativeTarget section */

/* Begin PBXProject section */
		323578BE1C72BE1300400B2F /* Project object */ = {
			isa = PBXProject;
			attributes = {
				LastUpgradeCheck = 0720;
				ORGANIZATIONNAME = "Game-Example";
				TargetAttributes = {
					323578C51C72BE1300400B2F = {
						CreatedOnToolsVersion = 7.2.1;
					};
				};
			};
			buildConfigurationList = 323578C11C72BE1300400B2F /* Build configuration list for PBXProject "Average-Guy" */;
			compatibilityVersion = "Xcode 3.2";
			developmentRegion = English;
			hasScannedForEncodings = 0;
			knownRegions = (
				en,
				Base,
			);
			mainGroup = 323578BD1C72BE1300400B2F;
			productRefGroup = 323578C71C72BE1300400B2F /* Products */;
			projectDirPath = "";
			projectRoot = "";
			targets = (
				323578C51C72BE1300400B2F /* Average-Guy */,
			);
		};
/* End PBXProject section */

/* Begin PBXResourcesBuildPhase section */
		323578C41C72BE1300400B2F /* Resources */ = {
			isa = PBXResourcesBuildPhase;
			buildActionMask = 2147483647;
			files = (
				323579181C72BFDD00400B2F /* ring.wav in Resources */,
				3235790E1C72BFAD00400B2F /* photo1.png in Resources */,
				323579121C72BFAD00400B2F /* PowerUps.png in Resources */,
				3235791C1C72C0F500400B2F /* Main.storyboard in Resources */,
				3235790D1C72BFAD00400B2F /* pauseButton.png in Resources */,
				323579021C72BFAD00400B2F /* agUp@2x.png in Resources */,
				3235790B1C72BFAD00400B2F /* lock-10.png in Resources */,
				323579091C72BFAD00400B2F /* iPhoneObstacles.atlas in Resources */,
				323579071C72BFAD00400B2F /* Images.xcassets in Resources */,
				323579131C72BFAD00400B2F /* smokeParticle.sks in Resources */,
				3235790C1C72BFAD00400B2F /* Movement.png in Resources */,
				323579061C72BFAD00400B2F /* i6bg.png in Resources */,
				323579141C72BFAD00400B2F /* spark.png in Resources */,
				323579171C72BFDD00400B2F /* POL-clouds-castle-short.wav in Resources */,
				323579101C72BFAD00400B2F /* photo3.png in Resources */,
				323579041C72BFAD00400B2F /* boostPowerup.png in Resources */,
				3235790F1C72BFAD00400B2F /* photo2.png in Resources */,
				323578EB1C72BEE500400B2F /* POL.plist in Resources */,
				323579031C72BFAD00400B2F /* agUp@3x.png in Resources */,
				323579051C72BFAD00400B2F /* Currency.png in Resources */,
				3235790A1C72BFAD00400B2F /* length.png in Resources */,
				323579111C72BFAD00400B2F /* PlayButton.png in Resources */,
				323579081C72BFAD00400B2F /* invincibilityPowerup.png in Resources */,
				323578EE1C72BF9100400B2F /* 00 Starmap Truetype.ttf in Resources */,
			);
			runOnlyForDeploymentPostprocessing = 0;
		};
/* End PBXResourcesBuildPhase section */

/* Begin PBXSourcesBuildPhase section */
		323578C21C72BE1300400B2F /* Sources */ = {
			isa = PBXSourcesBuildPhase;
			buildActionMask = 2147483647;
			files = (
				323578EC1C72BEE500400B2F /* TutorialScene.m in Sources */,
				323578D61C72BE1400400B2F /* ViewController.m in Sources */,
				323578EA1C72BEE500400B2F /* MainMenuScene.m in Sources */,
				323578CE1C72BE1300400B2F /* AppDelegate.m in Sources */,
				323578D11C72BE1300400B2F /* GameScene.m in Sources */,
				323578CB1C72BE1300400B2F /* main.m in Sources */,
			);
			runOnlyForDeploymentPostprocessing = 0;
		};
/* End PBXSourcesBuildPhase section */

/* Begin XCBuildConfiguration section */
		323578E01C72BE1400400B2F /* Debug */ = {
			isa = XCBuildConfiguration;
			buildSettings = {
				ALWAYS_SEARCH_USER_PATHS = NO;
				CLANG_CXX_LANGUAGE_STANDARD = "gnu++0x";
				CLANG_CXX_LIBRARY = "libc++";
				CLANG_ENABLE_MODULES = YES;
				CLANG_ENABLE_OBJC_ARC = YES;
				CLANG_WARN_BOOL_CONVERSION = YES;
				CLANG_WARN_CONSTANT_CONVERSION = YES;
				CLANG_WARN_DIRECT_OBJC_ISA_USAGE = YES_ERROR;
				CLANG_WARN_EMPTY_BODY = YES;
				CLANG_WARN_ENUM_CONVERSION = YES;
				CLANG_WARN_INT_CONVERSION = YES;
				CLANG_WARN_OBJC_ROOT_CLASS = YES_ERROR;
				CLANG_WARN_UNREACHABLE_CODE = YES;
				CLANG_WARN__DUPLICATE_METHOD_MATCH = YES;
				"CODE_SIGN_IDENTITY[sdk=iphoneos*]" = "iPhone Developer";
				COPY_PHASE_STRIP = NO;
				DEBUG_INFORMATION_FORMAT = "dwarf-with-dsym";
				ENABLE_STRICT_OBJC_MSGSEND = YES;
				ENABLE_TESTABILITY = YES;
				GCC_C_LANGUAGE_STANDARD = gnu99;
				GCC_DYNAMIC_NO_PIC = NO;
				GCC_NO_COMMON_BLOCKS = YES;
				GCC_OPTIMIZATION_LEVEL = 0;
				GCC_PREPROCESSOR_DEFINITIONS = (
					"DEBUG=1",
					"$(inherited)",
				);
				GCC_WARN_64_TO_32_BIT_CONVERSION = YES;
				GCC_WARN_ABOUT_RETURN_TYPE = YES_ERROR;
				GCC_WARN_UNDECLARED_SELECTOR = YES;
				GCC_WARN_UNINITIALIZED_AUTOS = YES_AGGRESSIVE;
				GCC_WARN_UNUSED_FUNCTION = YES;
				GCC_WARN_UNUSED_VARIABLE = YES;
				IPHONEOS_DEPLOYMENT_TARGET = 9.2;
				MTL_ENABLE_DEBUG_INFO = YES;
				ONLY_ACTIVE_ARCH = YES;
				SDKROOT = iphoneos;
			};
			name = Debug;
		};
		323578E11C72BE1400400B2F /* Release */ = {
			isa = XCBuildConfiguration;
			buildSettings = {
				ALWAYS_SEARCH_USER_PATHS = NO;
				CLANG_CXX_LANGUAGE_STANDARD = "gnu++0x";
				CLANG_CXX_LIBRARY = "libc++";
				CLANG_ENABLE_MODULES = YES;
				CLANG_ENABLE_OBJC_ARC = YES;
				CLANG_WARN_BOOL_CONVERSION = YES;
				CLANG_WARN_CONSTANT_CONVERSION = YES;
				CLANG_WARN_DIRECT_OBJC_ISA_USAGE = YES_ERROR;
				CLANG_WARN_EMPTY_BODY = YES;
				CLANG_WARN_ENUM_CONVERSION = YES;
				CLANG_WARN_INT_CONVERSION = YES;
				CLANG_WARN_OBJC_ROOT_CLASS = YES_ERROR;
				CLANG_WARN_UNREACHABLE_CODE = YES;
				CLANG_WARN__DUPLICATE_METHOD_MATCH = YES;
				"CODE_SIGN_IDENTITY[sdk=iphoneos*]" = "iPhone Developer";
				COPY_PHASE_STRIP = NO;
				DEBUG_INFORMATION_FORMAT = "dwarf-with-dsym";
				ENABLE_NS_ASSERTIONS = NO;
				ENABLE_STRICT_OBJC_MSGSEND = YES;
				GCC_C_LANGUAGE_STANDARD = gnu99;
				GCC_NO_COMMON_BLOCKS = YES;
				GCC_WARN_64_TO_32_BIT_CONVERSION = YES;
				GCC_WARN_ABOUT_RETURN_TYPE = YES_ERROR;
				GCC_WARN_UNDECLARED_SELECTOR = YES;
				GCC_WARN_UNINITIALIZED_AUTOS = YES_AGGRESSIVE;
				GCC_WARN_UNUSED_FUNCTION = YES;
				GCC_WARN_UNUSED_VARIABLE = YES;
				IPHONEOS_DEPLOYMENT_TARGET = 9.2;
				MTL_ENABLE_DEBUG_INFO = NO;
				SDKROOT = iphoneos;
				VALIDATE_PRODUCT = YES;
			};
			name = Release;
		};
		323578E31C72BE1400400B2F /* Debug */ = {
			isa = XCBuildConfiguration;
			buildSettings = {
				ASSETCATALOG_COMPILER_APPICON_NAME = AppIcon;
				ASSETCATALOG_COMPILER_LAUNCHIMAGE_NAME = LaunchImage;
				INFOPLIST_FILE = "Average-Guy/Info.plist";
				LD_RUNPATH_SEARCH_PATHS = "$(inherited) @executable_path/Frameworks";
				PRODUCT_BUNDLE_IDENTIFIER = "ex.Average-Guy";
				PRODUCT_NAME = "$(TARGET_NAME)";
			};
			name = Debug;
		};
		323578E41C72BE1400400B2F /* Release */ = {
			isa = XCBuildConfiguration;
			buildSettings = {
				ASSETCATALOG_COMPILER_APPICON_NAME = AppIcon;
				ASSETCATALOG_COMPILER_LAUNCHIMAGE_NAME = LaunchImage;
				INFOPLIST_FILE = "Average-Guy/Info.plist";
				LD_RUNPATH_SEARCH_PATHS = "$(inherited) @executable_path/Frameworks";
				PRODUCT_BUNDLE_IDENTIFIER = "ex.Average-Guy";
				PRODUCT_NAME = "$(TARGET_NAME)";
			};
			name = Release;
		};
/* End XCBuildConfiguration section */

/* Begin XCConfigurationList section */
		323578C11C72BE1300400B2F /* Build configuration list for PBXProject "Average-Guy" */ = {
			isa = XCConfigurationList;
			buildConfigurations = (
				323578E01C72BE1400400B2F /* Debug */,
				323578E11C72BE1400400B2F /* Release */,
			);
			defaultConfigurationIsVisible = 0;
			defaultConfigurationName = Release;
		};
		323578E21C72BE1400400B2F /* Build configuration list for PBXNativeTarget "Average-Guy" */ = {
			isa = XCConfigurationList;
			buildConfigurations = (
				323578E31C72BE1400400B2F /* Debug */,
				323578E41C72BE1400400B2F /* Release */,
			);
			defaultConfigurationIsVisible = 0;
			defaultConfigurationName = Release;
		};
/* End XCConfigurationList section */
	};
	rootObject = 323578BE1C72BE1300400B2F /* Project object */;
}
